
Microsoft Visual Studio Solution File, Format Version 12.00
# Visual Studio Version 17
VisualStudioVersion = 17.0.31717.71
MinimumVisualStudioVersion = 10.0.40219.1
Project("{FAE04EC0-301F-11D3-BF4B-00C04F79EFBC}") = "XamExpertDay", "XamExpertDay\XamExpertDay.csproj", "{3928A7F9-EE91-46F2-BEF4-A790EE2B220A}"
EndProject
Global
	GlobalSection(SolutionConfigurationPlatforms) = preSolution
		Debug|Any CPU = Debug|Any CPU
		Release|Any CPU = Release|Any CPU
	EndGlobalSection
	GlobalSection(ProjectConfigurationPlatforms) = postSolution
		{3928A7F9-EE91-46F2-BEF4-A790EE2B220A}.Debug|Any CPU.ActiveCfg = Debug|Any CPU
		{3928A7F9-EE91-46F2-BEF4-A790EE2B220A}.Debug|Any CPU.Build.0 = Debug|Any CPU
		{3928A7F9-EE91-46F2-BEF4-A790EE2B220A}.Debug|Any CPU.Deploy.0 = Debug|Any CPU
		{3928A7F9-EE91-46F2-BEF4-A790EE2B220A}.Release|Any CPU.ActiveCfg = Release|Any CPU
		{3928A7F9-EE91-46F2-BEF4-A790EE2B220A}.Release|Any CPU.Build.0 = Release|Any CPU
		{3928A7F9-EE91-46F2-BEF4-A790EE2B220A}.Release|Any CPU.Deploy.0 = Release|Any CPU
	EndGlobalSection
	GlobalSection(SolutionProperties) = preSolution
		HideSolutionNode = FALSE
	EndGlobalSection
	GlobalSection(ExtensibilityGlobals) = postSolution
		SolutionGuid = {A51A37F1-78D5-408B-9573-4CF12F0A03B0}
	EndGlobalSection
EndGlobal
